
Microsoft Visual Studio Solution File, Format Version 12.00
# Visual Studio Version 16
VisualStudioVersion = 16.0.30309.148
MinimumVisualStudioVersion = 10.0.40219.1
Project("{FAE04EC0-301F-11D3-BF4B-00C04F79EFBC}") = "HomeWork1-1", "HoweWork1-1\HomeWork1-1.csproj", "{1D6C0C3C-F57B-49A8-9932-B5D7EAB8824F}"
EndProject
Project("{FAE04EC0-301F-11D3-BF4B-00C04F79EFBC}") = "HomeWork1-2", "HomeWork1-2\HomeWork1-2.csproj", "{BD8536B6-CCE5-4ADC-9881-D544378FD08F}"
EndProject
Project("{FAE04EC0-301F-11D3-BF4B-00C04F79EFBC}") = "HomeWork1-3", "HomeWork1-3\HomeWork1-3.csproj", "{16EC4C5C-90C8-44EC-8AFE-6BA92A95D038}"
EndProject
Project("{FAE04EC0-301F-11D3-BF4B-00C04F79EFBC}") = "HomeWork1-4", "HomeWork1-4\HomeWork1-4.csproj", "{1934F7AF-1106-437B-9938-61DC02943523}"
EndProject
Project("{FAE04EC0-301F-11D3-BF4B-00C04F79EFBC}") = "HomeWork1-5", "HomeWork1-5\HomeWork1-5.csproj", "{4C187CFB-1DC7-4211-84E7-8F97FF404CB9}"
EndProject
Project("{FAE04EC0-301F-11D3-BF4B-00C04F79EFBC}") = "HomeWork1-6", "HomeWork1-6\HomeWork1-6.csproj", "{B2E7F01B-1A67-4B92-91E7-1933EFB6AE5F}"
EndProject
Global
	GlobalSection(SolutionConfigurationPlatforms) = preSolution
		Debug|Any CPU = Debug|Any CPU
		Release|Any CPU = Release|Any CPU
	EndGlobalSection
	GlobalSection(ProjectConfigurationPlatforms) = postSolution
		{1D6C0C3C-F57B-49A8-9932-B5D7EAB8824F}.Debug|Any CPU.ActiveCfg = Debug|Any CPU
		{1D6C0C3C-F57B-49A8-9932-B5D7EAB8824F}.Debug|Any CPU.Build.0 = Debug|Any CPU
		{1D6C0C3C-F57B-49A8-9932-B5D7EAB8824F}.Release|Any CPU.ActiveCfg = Release|Any CPU
		{1D6C0C3C-F57B-49A8-9932-B5D7EAB8824F}.Release|Any CPU.Build.0 = Release|Any CPU
		{BD8536B6-CCE5-4ADC-9881-D544378FD08F}.Debug|Any CPU.ActiveCfg = Debug|Any CPU
		{BD8536B6-CCE5-4ADC-9881-D544378FD08F}.Debug|Any CPU.Build.0 = Debug|Any CPU
		{BD8536B6-CCE5-4ADC-9881-D544378FD08F}.Release|Any CPU.ActiveCfg = Release|Any CPU
		{BD8536B6-CCE5-4ADC-9881-D544378FD08F}.Release|Any CPU.Build.0 = Release|Any CPU
		{16EC4C5C-90C8-44EC-8AFE-6BA92A95D038}.Debug|Any CPU.ActiveCfg = Debug|Any CPU
		{16EC4C5C-90C8-44EC-8AFE-6BA92A95D038}.Debug|Any CPU.Build.0 = Debug|Any CPU
		{16EC4C5C-90C8-44EC-8AFE-6BA92A95D038}.Release|Any CPU.ActiveCfg = Release|Any CPU
		{16EC4C5C-90C8-44EC-8AFE-6BA92A95D038}.Release|Any CPU.Build.0 = Release|Any CPU
		{1934F7AF-1106-437B-9938-61DC02943523}.Debug|Any CPU.ActiveCfg = Debug|Any CPU
		{1934F7AF-1106-437B-9938-61DC02943523}.Debug|Any CPU.Build.0 = Debug|Any CPU
		{1934F7AF-1106-437B-9938-61DC02943523}.Release|Any CPU.ActiveCfg = Release|Any CPU
		{1934F7AF-1106-437B-9938-61DC02943523}.Release|Any CPU.Build.0 = Release|Any CPU
		{4C187CFB-1DC7-4211-84E7-8F97FF404CB9}.Debug|Any CPU.ActiveCfg = Debug|Any CPU
		{4C187CFB-1DC7-4211-84E7-8F97FF404CB9}.Debug|Any CPU.Build.0 = Debug|Any CPU
		{4C187CFB-1DC7-4211-84E7-8F97FF404CB9}.Release|Any CPU.ActiveCfg = Release|Any CPU
		{4C187CFB-1DC7-4211-84E7-8F97FF404CB9}.Release|Any CPU.Build.0 = Release|Any CPU
		{B2E7F01B-1A67-4B92-91E7-1933EFB6AE5F}.Debug|Any CPU.ActiveCfg = Debug|Any CPU
		{B2E7F01B-1A67-4B92-91E7-1933EFB6AE5F}.Debug|Any CPU.Build.0 = Debug|Any CPU
		{B2E7F01B-1A67-4B92-91E7-1933EFB6AE5F}.Release|Any CPU.ActiveCfg = Release|Any CPU
		{B2E7F01B-1A67-4B92-91E7-1933EFB6AE5F}.Release|Any CPU.Build.0 = Release|Any CPU
	EndGlobalSection
	GlobalSection(SolutionProperties) = preSolution
		HideSolutionNode = FALSE
	EndGlobalSection
	GlobalSection(ExtensibilityGlobals) = postSolution
		SolutionGuid = {B1702554-7067-4D68-AE65-4A66C7AE87CA}
	EndGlobalSection
EndGlobal
